
Microsoft Visual Studio Solution File, Format Version 12.00
# Visual Studio 15
VisualStudioVersion = 15.0.28307.852
MinimumVisualStudioVersion = 10.0.40219.1
Project("{FAE04EC0-301F-11D3-BF4B-00C04F79EFBC}") = "Flyweight", "Flyweight\Flyweight.csproj", "{CF09ACA4-9D4B-4EDB-A9CF-1A60D8E9EC72}"
EndProject
Global
	GlobalSection(SolutionConfigurationPlatforms) = preSolution
		Debug|Any CPU = Debug|Any CPU
		Release|Any CPU = Release|Any CPU
	EndGlobalSection
	GlobalSection(ProjectConfigurationPlatforms) = postSolution
		{CF09ACA4-9D4B-4EDB-A9CF-1A60D8E9EC72}.Debug|Any CPU.ActiveCfg = Debug|Any CPU
		{CF09ACA4-9D4B-4EDB-A9CF-1A60D8E9EC72}.Debug|Any CPU.Build.0 = Debug|Any CPU
		{CF09ACA4-9D4B-4EDB-A9CF-1A60D8E9EC72}.Release|Any CPU.ActiveCfg = Release|Any CPU
		{CF09ACA4-9D4B-4EDB-A9CF-1A60D8E9EC72}.Release|Any CPU.Build.0 = Release|Any CPU
	EndGlobalSection
	GlobalSection(SolutionProperties) = preSolution
		HideSolutionNode = FALSE
	EndGlobalSection
	GlobalSection(ExtensibilityGlobals) = postSolution
		SolutionGuid = {A7CAC70F-5519-4E6B-A098-87997B21A7DC}
	EndGlobalSection
EndGlobal
